
Microsoft Visual Studio Solution File, Format Version 12.00
# Visual Studio Version 17
VisualStudioVersion = 17.9.34607.119
MinimumVisualStudioVersion = 10.0.40219.1
Project("{FAE04EC0-301F-11D3-BF4B-00C04F79EFBC}") = "Laba-3(Forms)", "Laba-3(Forms)\Laba-3(Forms).csproj", "{BE857DB1-E6E8-4A02-A264-692A86902ACF}"
EndProject
Global
	GlobalSection(SolutionConfigurationPlatforms) = preSolution
		Debug|Any CPU = Debug|Any CPU
		Release|Any CPU = Release|Any CPU
	EndGlobalSection
	GlobalSection(ProjectConfigurationPlatforms) = postSolution
		{BE857DB1-E6E8-4A02-A264-692A86902ACF}.Debug|Any CPU.ActiveCfg = Debug|Any CPU
		{BE857DB1-E6E8-4A02-A264-692A86902ACF}.Debug|Any CPU.Build.0 = Debug|Any CPU
		{BE857DB1-E6E8-4A02-A264-692A86902ACF}.Release|Any CPU.ActiveCfg = Release|Any CPU
		{BE857DB1-E6E8-4A02-A264-692A86902ACF}.Release|Any CPU.Build.0 = Release|Any CPU
	EndGlobalSection
	GlobalSection(SolutionProperties) = preSolution
		HideSolutionNode = FALSE
	EndGlobalSection
	GlobalSection(ExtensibilityGlobals) = postSolution
		SolutionGuid = {366AE192-7429-4547-A3CE-A7DC221674D7}
	EndGlobalSection
EndGlobal
